
Microsoft Visual Studio Solution File, Format Version 12.00
# Visual Studio 2013
VisualStudioVersion = 12.0.31101.0
MinimumVisualStudioVersion = 10.0.40219.1
Project("{2150E333-8FDC-42A3-9474-1A3956D46DE8}") = "Presentation", "Presentation", "{4FF27182-EA93-4879-9077-5271325395C2}"
EndProject
Project("{FAE04EC0-301F-11D3-BF4B-00C04F79EFBC}") = "Angular.Presentation.Web", "Angular.Presentation.Web\Angular.Presentation.Web.csproj", "{D1B60862-68D0-428C-BBB5-5C2E1C5129C8}"
EndProject
Project("{2150E333-8FDC-42A3-9474-1A3956D46DE8}") = "Business", "Business", "{43660858-21D5-44E5-BE3C-294B05EA1515}"
EndProject
Project("{FAE04EC0-301F-11D3-BF4B-00C04F79EFBC}") = "Angular.Data.Application", "Angular.Data.Application\Angular.Data.Application.csproj", "{91428FEE-0656-42DA-BB5A-1027BD89EFB8}"
EndProject
Global
	GlobalSection(SolutionConfigurationPlatforms) = preSolution
		Debug|Any CPU = Debug|Any CPU
		Release|Any CPU = Release|Any CPU
	EndGlobalSection
	GlobalSection(ProjectConfigurationPlatforms) = postSolution
		{D1B60862-68D0-428C-BBB5-5C2E1C5129C8}.Debug|Any CPU.ActiveCfg = Debug|Any CPU
		{D1B60862-68D0-428C-BBB5-5C2E1C5129C8}.Debug|Any CPU.Build.0 = Debug|Any CPU
		{D1B60862-68D0-428C-BBB5-5C2E1C5129C8}.Release|Any CPU.ActiveCfg = Release|Any CPU
		{D1B60862-68D0-428C-BBB5-5C2E1C5129C8}.Release|Any CPU.Build.0 = Release|Any CPU
		{91428FEE-0656-42DA-BB5A-1027BD89EFB8}.Debug|Any CPU.ActiveCfg = Debug|Any CPU
		{91428FEE-0656-42DA-BB5A-1027BD89EFB8}.Debug|Any CPU.Build.0 = Debug|Any CPU
		{91428FEE-0656-42DA-BB5A-1027BD89EFB8}.Release|Any CPU.ActiveCfg = Release|Any CPU
		{91428FEE-0656-42DA-BB5A-1027BD89EFB8}.Release|Any CPU.Build.0 = Release|Any CPU
	EndGlobalSection
	GlobalSection(SolutionProperties) = preSolution
		HideSolutionNode = FALSE
	EndGlobalSection
	GlobalSection(NestedProjects) = preSolution
		{D1B60862-68D0-428C-BBB5-5C2E1C5129C8} = {4FF27182-EA93-4879-9077-5271325395C2}
		{91428FEE-0656-42DA-BB5A-1027BD89EFB8} = {43660858-21D5-44E5-BE3C-294B05EA1515}
	EndGlobalSection
EndGlobal
